// !$*UTF8*$!
{
	archiveVersion = 1;
	classes = {
	};
	objectVersion = 46;
	objects = {

/* Begin PBXBuildFile section */
		FB32783A1E40927E00C7D3AA /* main.m in Sources */ = {isa = PBXBuildFile; fileRef = FB3278391E40927E00C7D3AA /* main.m */; };
		FB32783D1E40927E00C7D3AA /* AppDelegate.m in Sources */ = {isa = PBXBuildFile; fileRef = FB32783C1E40927E00C7D3AA /* AppDelegate.m */; };
		FB3278401E40927E00C7D3AA /* ViewController.m in Sources */ = {isa = PBXBuildFile; fileRef = FB32783F1E40927E00C7D3AA /* ViewController.m */; };
		FB3278451E40927E00C7D3AA /* Assets.xcassets in Resources */ = {isa = PBXBuildFile; fileRef = FB3278441E40927E00C7D3AA /* Assets.xcassets */; };
		FB3278481E40927E00C7D3AA /* LaunchScreen.storyboard in Resources */ = {isa = PBXBuildFile; fileRef = FB3278461E40927E00C7D3AA /* LaunchScreen.storyboard */; };
		FB3278501E4092BB00C7D3AA /* Main.storyboard in Resources */ = {isa = PBXBuildFile; fileRef = FB32784F1E4092BB00C7D3AA /* Main.storyboard */; };
/* End PBXBuildFile section */

/* Begin PBXFileReference section */
		FB3278351E40927E00C7D3AA /* DZ25Buttons.app */ = {isa = PBXFileReference; explicitFileType = wrapper.application; includeInIndex = 0; path = DZ25Buttons.app; sourceTree = BUILT_PRODUCTS_DIR; };
		FB3278391E40927E00C7D3AA /* main.m */ = {isa = PBXFileReference; lastKnownFileType = sourcecode.c.objc; path = main.m; sourceTree = "<group>"; };
		FB32783B1E40927E00C7D3AA /* AppDelegate.h */ = {isa = PBXFileReference; lastKnownFileType = sourcecode.c.h; path = AppDelegate.h; sourceTree = "<group>"; };
		FB32783C1E40927E00C7D3AA /* AppDelegate.m */ = {isa = PBXFileReference; lastKnownFileType = sourcecode.c.objc; path = AppDelegate.m; sourceTree = "<group>"; };
		FB32783E1E40927E00C7D3AA /* ViewController.h */ = {isa = PBXFileReference; lastKnownFileType = sourcecode.c.h; path = ViewController.h; sourceTree = "<group>"; };
		FB32783F1E40927E00C7D3AA /* ViewController.m */ = {isa = PBXFileReference; lastKnownFileType = sourcecode.c.objc; path = ViewController.m; sourceTree = "<group>"; };
		FB3278441E40927E00C7D3AA /* Assets.xcassets */ = {isa = PBXFileReference; lastKnownFileType = folder.assetcatalog; path = Assets.xcassets; sourceTree = "<group>"; };
		FB3278471E40927E00C7D3AA /* Base */ = {isa = PBXFileReference; lastKnownFileType = file.storyboard; name = Base; path = Base.lproj/LaunchScreen.storyboard; sourceTree = "<group>"; };
		FB3278491E40927E00C7D3AA /* Info.plist */ = {isa = PBXFileReference; lastKnownFileType = text.plist.xml; path = Info.plist; sourceTree = "<group>"; };
		FB32784F1E4092BB00C7D3AA /* Main.storyboard */ = {isa = PBXFileReference; fileEncoding = 4; lastKnownFileType = file.storyboard; path = Main.storyboard; sourceTree = "<group>"; };
/* End PBXFileReference section */

/* Begin PBXFrameworksBuildPhase section */
		FB3278321E40927B00C7D3AA /* Frameworks */ = {
			isa = PBXFrameworksBuildPhase;
			buildActionMask = 2147483647;
			files = (
			);
			runOnlyForDeploymentPostprocessing = 0;
		};
/* End PBXFrameworksBuildPhase section */

/* Begin PBXGroup section */
		FB32782C1E40927B00C7D3AA = {
			isa = PBXGroup;
			children = (
				FB3278371E40927E00C7D3AA /* DZ25Buttons */,
				FB3278361E40927E00C7D3AA /* Products */,
			);
			sourceTree = "<group>";
		};
		FB3278361E40927E00C7D3AA /* Products */ = {
			isa = PBXGroup;
			children = (
				FB3278351E40927E00C7D3AA /* DZ25Buttons.app */,
			);
			name = Products;
			sourceTree = "<group>";
		};
		FB3278371E40927E00C7D3AA /* DZ25Buttons */ = {
			isa = PBXGroup;
			children = (
				FB32783B1E40927E00C7D3AA /* AppDelegate.h */,
				FB32783C1E40927E00C7D3AA /* AppDelegate.m */,
				FB32783E1E40927E00C7D3AA /* ViewController.h */,
				FB32783F1E40927E00C7D3AA /* ViewController.m */,
				FB32784F1E4092BB00C7D3AA /* Main.storyboard */,
				FB3278441E40927E00C7D3AA /* Assets.xcassets */,
				FB3278461E40927E00C7D3AA /* LaunchScreen.storyboard */,
				FB3278491E40927E00C7D3AA /* Info.plist */,
				FB3278381E40927E00C7D3AA /* Supporting Files */,
			);
			path = DZ25Buttons;
			sourceTree = "<group>";
		};
		FB3278381E40927E00C7D3AA /* Supporting Files */ = {
			isa = PBXGroup;
			children = (
				FB3278391E40927E00C7D3AA /* main.m */,
			);
			name = "Supporting Files";
			sourceTree = "<group>";
		};
/* End PBXGroup section */

/* Begin PBXNativeTarget section */
		FB3278341E40927B00C7D3AA /* DZ25Buttons */ = {
			isa = PBXNativeTarget;
			buildConfigurationList = FB32784C1E40927E00C7D3AA /* Build configuration list for PBXNativeTarget "DZ25Buttons" */;
			buildPhases = (
				FB3278311E40927B00C7D3AA /* Sources */,
				FB3278321E40927B00C7D3AA /* Frameworks */,
				FB3278331E40927B00C7D3AA /* Resources */,
			);
			buildRules = (
			);
			dependencies = (
			);
			name = DZ25Buttons;
			productName = DZ25Buttons;
			productReference = FB3278351E40927E00C7D3AA /* DZ25Buttons.app */;
			productType = "com.apple.product-type.application";
		};
/* End PBXNativeTarget section */

/* Begin PBXProject section */
		FB32782D1E40927B00C7D3AA /* Project object */ = {
			isa = PBXProject;
			attributes = {
				LastUpgradeCheck = 0820;
				ORGANIZATIONNAME = "Vasilii Burenkov";
				TargetAttributes = {
					FB3278341E40927B00C7D3AA = {
						CreatedOnToolsVersion = 8.2;
						ProvisioningStyle = Automatic;
					};
				};
			};
			buildConfigurationList = FB3278301E40927B00C7D3AA /* Build configuration list for PBXProject "DZ25Buttons" */;
			compatibilityVersion = "Xcode 3.2";
			developmentRegion = English;
			hasScannedForEncodings = 0;
			knownRegions = (
				en,
				Base,
			);
			mainGroup = FB32782C1E40927B00C7D3AA;
			productRefGroup = FB3278361E40927E00C7D3AA /* Products */;
			projectDirPath = "";
			projectRoot = "";
			targets = (
				FB3278341E40927B00C7D3AA /* DZ25Buttons */,
			);
		};
/* End PBXProject section */

/* Begin PBXResourcesBuildPhase section */
		FB3278331E40927B00C7D3AA /* Resources */ = {
			isa = PBXResourcesBuildPhase;
			buildActionMask = 2147483647;
			files = (
				FB3278481E40927E00C7D3AA /* LaunchScreen.storyboard in Resources */,
				FB3278451E40927E00C7D3AA /* Assets.xcassets in Resources */,
				FB3278501E4092BB00C7D3AA /* Main.storyboard in Resources */,
			);
			runOnlyForDeploymentPostprocessing = 0;
		};
/* End PBXResourcesBuildPhase section */

/* Begin PBXSourcesBuildPhase section */
		FB3278311E40927B00C7D3AA /* Sources */ = {
			isa = PBXSourcesBuildPhase;
			buildActionMask = 2147483647;
			files = (
				FB3278401E40927E00C7D3AA /* ViewController.m in Sources */,
				FB32783D1E40927E00C7D3AA /* AppDelegate.m in Sources */,
				FB32783A1E40927E00C7D3AA /* main.m in Sources */,
			);
			runOnlyForDeploymentPostprocessing = 0;
		};
/* End PBXSourcesBuildPhase section */

/* Begin PBXVariantGroup section */
		FB3278461E40927E00C7D3AA /* LaunchScreen.storyboard */ = {
			isa = PBXVariantGroup;
			children = (
				FB3278471E40927E00C7D3AA /* Base */,
			);
			name = LaunchScreen.storyboard;
			sourceTree = "<group>";
		};
/* End PBXVariantGroup section */

/* Begin XCBuildConfiguration section */
		FB32784A1E40927E00C7D3AA /* Debug */ = {
			isa = XCBuildConfiguration;
			buildSettings = {
				ALWAYS_SEARCH_USER_PATHS = NO;
				CLANG_ANALYZER_NONNULL = YES;
				CLANG_CXX_LANGUAGE_STANDARD = "gnu++0x";
				CLANG_CXX_LIBRARY = "libc++";
				CLANG_ENABLE_MODULES = YES;
				CLANG_ENABLE_OBJC_ARC = YES;
				CLANG_WARN_BOOL_CONVERSION = YES;
				CLANG_WARN_CONSTANT_CONVERSION = YES;
				CLANG_WARN_DIRECT_OBJC_ISA_USAGE = YES_ERROR;
				CLANG_WARN_DOCUMENTATION_COMMENTS = YES;
				CLANG_WARN_EMPTY_BODY = YES;
				CLANG_WARN_ENUM_CONVERSION = YES;
				CLANG_WARN_INFINITE_RECURSION = YES;
				CLANG_WARN_INT_CONVERSION = YES;
				CLANG_WARN_OBJC_ROOT_CLASS = YES_ERROR;
				CLANG_WARN_SUSPICIOUS_MOVE = YES;
				CLANG_WARN_UNREACHABLE_CODE = YES;
				CLANG_WARN__DUPLICATE_METHOD_MATCH = YES;
				"CODE_SIGN_IDENTITY[sdk=iphoneos*]" = "iPhone Developer";
				COPY_PHASE_STRIP = NO;
				DEBUG_INFORMATION_FORMAT = dwarf;
				ENABLE_STRICT_OBJC_MSGSEND = YES;
				ENABLE_TESTABILITY = YES;
				GCC_C_LANGUAGE_STANDARD = gnu99;
				GCC_DYNAMIC_NO_PIC = NO;
				GCC_NO_COMMON_BLOCKS = YES;
				GCC_OPTIMIZATION_LEVEL = 0;
				GCC_PREPROCESSOR_DEFINITIONS = (
					"DEBUG=1",
					"$(inherited)",
				);
				GCC_WARN_64_TO_32_BIT_CONVERSION = YES;
				GCC_WARN_ABOUT_RETURN_TYPE = YES_ERROR;
				GCC_WARN_UNDECLARED_SELECTOR = YES;
				GCC_WARN_UNINITIALIZED_AUTOS = YES_AGGRESSIVE;
				GCC_WARN_UNUSED_FUNCTION = YES;
				GCC_WARN_UNUSED_VARIABLE = YES;
				IPHONEOS_DEPLOYMENT_TARGET = 10.2;
				MTL_ENABLE_DEBUG_INFO = YES;
				ONLY_ACTIVE_ARCH = YES;
				SDKROOT = iphoneos;
				TARGETED_DEVICE_FAMILY = "1,2";
			};
			name = Debug;
		};
		FB32784B1E40927E00C7D3AA /* Release */ = {
			isa = XCBuildConfiguration;
			buildSettings = {
				ALWAYS_SEARCH_USER_PATHS = NO;
				CLANG_ANALYZER_NONNULL = YES;
				CLANG_CXX_LANGUAGE_STANDARD = "gnu++0x";
				CLANG_CXX_LIBRARY = "libc++";
				CLANG_ENABLE_MODULES = YES;
				CLANG_ENABLE_OBJC_ARC = YES;
				CLANG_WARN_BOOL_CONVERSION = YES;
				CLANG_WARN_CONSTANT_CONVERSION = YES;
				CLANG_WARN_DIRECT_OBJC_ISA_USAGE = YES_ERROR;
				CLANG_WARN_DOCUMENTATION_COMMENTS = YES;
				CLANG_WARN_EMPTY_BODY = YES;
				CLANG_WARN_ENUM_CONVERSION = YES;
				CLANG_WARN_INFINITE_RECURSION = YES;
				CLANG_WARN_INT_CONVERSION = YES;
				CLANG_WARN_OBJC_ROOT_CLASS = YES_ERROR;
				CLANG_WARN_SUSPICIOUS_MOVE = YES;
				CLANG_WARN_UNREACHABLE_CODE = YES;
				CLANG_WARN__DUPLICATE_METHOD_MATCH = YES;
				"CODE_SIGN_IDENTITY[sdk=iphoneos*]" = "iPhone Developer";
				COPY_PHASE_STRIP = NO;
				DEBUG_INFORMATION_FORMAT = "dwarf-with-dsym";
				ENABLE_NS_ASSERTIONS = NO;
				ENABLE_STRICT_OBJC_MSGSEND = YES;
				GCC_C_LANGUAGE_STANDARD = gnu99;
				GCC_NO_COMMON_BLOCKS = YES;
				GCC_WARN_64_TO_32_BIT_CONVERSION = YES;
				GCC_WARN_ABOUT_RETURN_TYPE = YES_ERROR;
				GCC_WARN_UNDECLARED_SELECTOR = YES;
				GCC_WARN_UNINITIALIZED_AUTOS = YES_AGGRESSIVE;
				GCC_WARN_UNUSED_FUNCTION = YES;
				GCC_WARN_UNUSED_VARIABLE = YES;
				IPHONEOS_DEPLOYMENT_TARGET = 10.2;
				MTL_ENABLE_DEBUG_INFO = NO;
				SDKROOT = iphoneos;
				TARGETED_DEVICE_FAMILY = "1,2";
				VALIDATE_PRODUCT = YES;
			};
			name = Release;
		};
		FB32784D1E40927E00C7D3AA /* Debug */ = {
			isa = XCBuildConfiguration;
			buildSettings = {
				ASSETCATALOG_COMPILER_APPICON_NAME = AppIcon;
				INFOPLIST_FILE = DZ25Buttons/Info.plist;
				LD_RUNPATH_SEARCH_PATHS = "$(inherited) @executable_path/Frameworks";
				PRODUCT_BUNDLE_IDENTIFIER = com.burenkov.DZ25Buttons;
				PRODUCT_NAME = "$(TARGET_NAME)";
			};
			name = Debug;
		};
		FB32784E1E40927E00C7D3AA /* Release */ = {
			isa = XCBuildConfiguration;
			buildSettings = {
				ASSETCATALOG_COMPILER_APPICON_NAME = AppIcon;
				INFOPLIST_FILE = DZ25Buttons/Info.plist;
				LD_RUNPATH_SEARCH_PATHS = "$(inherited) @executable_path/Frameworks";
				PRODUCT_BUNDLE_IDENTIFIER = com.burenkov.DZ25Buttons;
				PRODUCT_NAME = "$(TARGET_NAME)";
			};
			name = Release;
		};
/* End XCBuildConfiguration section */

/* Begin XCConfigurationList section */
		FB3278301E40927B00C7D3AA /* Build configuration list for PBXProject "DZ25Buttons" */ = {
			isa = XCConfigurationList;
			buildConfigurations = (
				FB32784A1E40927E00C7D3AA /* Debug */,
				FB32784B1E40927E00C7D3AA /* Release */,
			);
			defaultConfigurationIsVisible = 0;
			defaultConfigurationName = Release;
		};
		FB32784C1E40927E00C7D3AA /* Build configuration list for PBXNativeTarget "DZ25Buttons" */ = {
			isa = XCConfigurationList;
			buildConfigurations = (
				FB32784D1E40927E00C7D3AA /* Debug */,
				FB32784E1E40927E00C7D3AA /* Release */,
			);
			defaultConfigurationIsVisible = 0;
		};
/* End XCConfigurationList section */
	};
	rootObject = FB32782D1E40927B00C7D3AA /* Project object */;
}
